// !$*UTF8*$!
{
	archiveVersion = 1;
	classes = {
	};
	objectVersion = 50;
	objects = {

/* Begin PBXBuildFile section */
		1D66972D223952E3002917C3 /* AppDelegate.m in Sources */ = {isa = PBXBuildFile; fileRef = 1D66972C223952E3002917C3 /* AppDelegate.m */; };
		1D669730223952E3002917C3 /* ViewController.m in Sources */ = {isa = PBXBuildFile; fileRef = 1D66972F223952E3002917C3 /* ViewController.m */; };
		1D669733223952E3002917C3 /* Main.storyboard in Resources */ = {isa = PBXBuildFile; fileRef = 1D669731223952E3002917C3 /* Main.storyboard */; };
		1D669736223952E3002917C3 /* RobotDrawing.xcdatamodeld in Sources */ = {isa = PBXBuildFile; fileRef = 1D669734223952E3002917C3 /* RobotDrawing.xcdatamodeld */; };
		1D669738223952E6002917C3 /* Assets.xcassets in Resources */ = {isa = PBXBuildFile; fileRef = 1D669737223952E6002917C3 /* Assets.xcassets */; };
		1D66973B223952E6002917C3 /* LaunchScreen.storyboard in Resources */ = {isa = PBXBuildFile; fileRef = 1D669739223952E6002917C3 /* LaunchScreen.storyboard */; };
		1D66973E223952E6002917C3 /* main.m in Sources */ = {isa = PBXBuildFile; fileRef = 1D66973D223952E6002917C3 /* main.m */; };
		1D669748223952E6002917C3 /* RobotDrawingTests.m in Sources */ = {isa = PBXBuildFile; fileRef = 1D669747223952E6002917C3 /* RobotDrawingTests.m */; };
		1D669753223952E6002917C3 /* RobotDrawingUITests.m in Sources */ = {isa = PBXBuildFile; fileRef = 1D669752223952E6002917C3 /* RobotDrawingUITests.m */; };
		1D66976222395308002917C3 /* WritingArea.m in Sources */ = {isa = PBXBuildFile; fileRef = 1D66976122395308002917C3 /* WritingArea.m */; };
/* End PBXBuildFile section */

/* Begin PBXContainerItemProxy section */
		1D669744223952E6002917C3 /* PBXContainerItemProxy */ = {
			isa = PBXContainerItemProxy;
			containerPortal = 1D669720223952E3002917C3 /* Project object */;
			proxyType = 1;
			remoteGlobalIDString = 1D669727223952E3002917C3;
			remoteInfo = RobotDrawing;
		};
		1D66974F223952E6002917C3 /* PBXContainerItemProxy */ = {
			isa = PBXContainerItemProxy;
			containerPortal = 1D669720223952E3002917C3 /* Project object */;
			proxyType = 1;
			remoteGlobalIDString = 1D669727223952E3002917C3;
			remoteInfo = RobotDrawing;
		};
/* End PBXContainerItemProxy section */

/* Begin PBXFileReference section */
		1D669728223952E3002917C3 /* RobotDrawing.app */ = {isa = PBXFileReference; explicitFileType = wrapper.application; includeInIndex = 0; path = RobotDrawing.app; sourceTree = BUILT_PRODUCTS_DIR; };
		1D66972B223952E3002917C3 /* AppDelegate.h */ = {isa = PBXFileReference; lastKnownFileType = sourcecode.c.h; path = AppDelegate.h; sourceTree = "<group>"; };
		1D66972C223952E3002917C3 /* AppDelegate.m */ = {isa = PBXFileReference; lastKnownFileType = sourcecode.c.objc; path = AppDelegate.m; sourceTree = "<group>"; };
		1D66972E223952E3002917C3 /* ViewController.h */ = {isa = PBXFileReference; lastKnownFileType = sourcecode.c.h; path = ViewController.h; sourceTree = "<group>"; };
		1D66972F223952E3002917C3 /* ViewController.m */ = {isa = PBXFileReference; lastKnownFileType = sourcecode.c.objc; path = ViewController.m; sourceTree = "<group>"; };
		1D669732223952E3002917C3 /* Base */ = {isa = PBXFileReference; lastKnownFileType = file.storyboard; name = Base; path = Base.lproj/Main.storyboard; sourceTree = "<group>"; };
		1D669735223952E3002917C3 /* RobotDrawing.xcdatamodel */ = {isa = PBXFileReference; lastKnownFileType = wrapper.xcdatamodel; path = RobotDrawing.xcdatamodel; sourceTree = "<group>"; };
		1D669737223952E6002917C3 /* Assets.xcassets */ = {isa = PBXFileReference; lastKnownFileType = folder.assetcatalog; path = Assets.xcassets; sourceTree = "<group>"; };
		1D66973A223952E6002917C3 /* Base */ = {isa = PBXFileReference; lastKnownFileType = file.storyboard; name = Base; path = Base.lproj/LaunchScreen.storyboard; sourceTree = "<group>"; };
		1D66973C223952E6002917C3 /* Info.plist */ = {isa = PBXFileReference; lastKnownFileType = text.plist.xml; path = Info.plist; sourceTree = "<group>"; };
		1D66973D223952E6002917C3 /* main.m */ = {isa = PBXFileReference; lastKnownFileType = sourcecode.c.objc; path = main.m; sourceTree = "<group>"; };
		1D669743223952E6002917C3 /* RobotDrawingTests.xctest */ = {isa = PBXFileReference; explicitFileType = wrapper.cfbundle; includeInIndex = 0; path = RobotDrawingTests.xctest; sourceTree = BUILT_PRODUCTS_DIR; };
		1D669747223952E6002917C3 /* RobotDrawingTests.m */ = {isa = PBXFileReference; lastKnownFileType = sourcecode.c.objc; path = RobotDrawingTests.m; sourceTree = "<group>"; };
		1D669749223952E6002917C3 /* Info.plist */ = {isa = PBXFileReference; lastKnownFileType = text.plist.xml; path = Info.plist; sourceTree = "<group>"; };
		1D66974E223952E6002917C3 /* RobotDrawingUITests.xctest */ = {isa = PBXFileReference; explicitFileType = wrapper.cfbundle; includeInIndex = 0; path = RobotDrawingUITests.xctest; sourceTree = BUILT_PRODUCTS_DIR; };
		1D669752223952E6002917C3 /* RobotDrawingUITests.m */ = {isa = PBXFileReference; lastKnownFileType = sourcecode.c.objc; path = RobotDrawingUITests.m; sourceTree = "<group>"; };
		1D669754223952E6002917C3 /* Info.plist */ = {isa = PBXFileReference; lastKnownFileType = text.plist.xml; path = Info.plist; sourceTree = "<group>"; };
		1D66976022395308002917C3 /* WritingArea.h */ = {isa = PBXFileReference; lastKnownFileType = sourcecode.c.h; path = WritingArea.h; sourceTree = "<group>"; };
		1D66976122395308002917C3 /* WritingArea.m */ = {isa = PBXFileReference; lastKnownFileType = sourcecode.c.objc; path = WritingArea.m; sourceTree = "<group>"; };
/* End PBXFileReference section */

/* Begin PBXFrameworksBuildPhase section */
		1D669725223952E3002917C3 /* Frameworks */ = {
			isa = PBXFrameworksBuildPhase;
			buildActionMask = 2147483647;
			files = (
			);
			runOnlyForDeploymentPostprocessing = 0;
		};
		1D669740223952E6002917C3 /* Frameworks */ = {
			isa = PBXFrameworksBuildPhase;
			buildActionMask = 2147483647;
			files = (
			);
			runOnlyForDeploymentPostprocessing = 0;
		};
		1D66974B223952E6002917C3 /* Frameworks */ = {
			isa = PBXFrameworksBuildPhase;
			buildActionMask = 2147483647;
			files = (
			);
			runOnlyForDeploymentPostprocessing = 0;
		};
/* End PBXFrameworksBuildPhase section */

/* Begin PBXGroup section */
		1D66971F223952E3002917C3 = {
			isa = PBXGroup;
			children = (
				1D66972A223952E3002917C3 /* RobotDrawing */,
				1D669746223952E6002917C3 /* RobotDrawingTests */,
				1D669751223952E6002917C3 /* RobotDrawingUITests */,
				1D669729223952E3002917C3 /* Products */,
			);
			sourceTree = "<group>";
		};
		1D669729223952E3002917C3 /* Products */ = {
			isa = PBXGroup;
			children = (
				1D669728223952E3002917C3 /* RobotDrawing.app */,
				1D669743223952E6002917C3 /* RobotDrawingTests.xctest */,
				1D66974E223952E6002917C3 /* RobotDrawingUITests.xctest */,
			);
			name = Products;
			sourceTree = "<group>";
		};
		1D66972A223952E3002917C3 /* RobotDrawing */ = {
			isa = PBXGroup;
			children = (
				1D66972B223952E3002917C3 /* AppDelegate.h */,
				1D66972C223952E3002917C3 /* AppDelegate.m */,
				1D66972E223952E3002917C3 /* ViewController.h */,
				1D66972F223952E3002917C3 /* ViewController.m */,
				1D66976022395308002917C3 /* WritingArea.h */,
				1D66976122395308002917C3 /* WritingArea.m */,
				1D669731223952E3002917C3 /* Main.storyboard */,
				1D669737223952E6002917C3 /* Assets.xcassets */,
				1D669739223952E6002917C3 /* LaunchScreen.storyboard */,
				1D66973C223952E6002917C3 /* Info.plist */,
				1D66973D223952E6002917C3 /* main.m */,
				1D669734223952E3002917C3 /* RobotDrawing.xcdatamodeld */,
			);
			path = RobotDrawing;
			sourceTree = "<group>";
		};
		1D669746223952E6002917C3 /* RobotDrawingTests */ = {
			isa = PBXGroup;
			children = (
				1D669747223952E6002917C3 /* RobotDrawingTests.m */,
				1D669749223952E6002917C3 /* Info.plist */,
			);
			path = RobotDrawingTests;
			sourceTree = "<group>";
		};
		1D669751223952E6002917C3 /* RobotDrawingUITests */ = {
			isa = PBXGroup;
			children = (
				1D669752223952E6002917C3 /* RobotDrawingUITests.m */,
				1D669754223952E6002917C3 /* Info.plist */,
			);
			path = RobotDrawingUITests;
			sourceTree = "<group>";
		};
/* End PBXGroup section */

/* Begin PBXNativeTarget section */
		1D669727223952E3002917C3 /* RobotDrawing */ = {
			isa = PBXNativeTarget;
			buildConfigurationList = 1D669757223952E6002917C3 /* Build configuration list for PBXNativeTarget "RobotDrawing" */;
			buildPhases = (
				1D669724223952E3002917C3 /* Sources */,
				1D669725223952E3002917C3 /* Frameworks */,
				1D669726223952E3002917C3 /* Resources */,
			);
			buildRules = (
			);
			dependencies = (
			);
			name = RobotDrawing;
			productName = RobotDrawing;
			productReference = 1D669728223952E3002917C3 /* RobotDrawing.app */;
			productType = "com.apple.product-type.application";
		};
		1D669742223952E6002917C3 /* RobotDrawingTests */ = {
			isa = PBXNativeTarget;
			buildConfigurationList = 1D66975A223952E6002917C3 /* Build configuration list for PBXNativeTarget "RobotDrawingTests" */;
			buildPhases = (
				1D66973F223952E6002917C3 /* Sources */,
				1D669740223952E6002917C3 /* Frameworks */,
				1D669741223952E6002917C3 /* Resources */,
			);
			buildRules = (
			);
			dependencies = (
				1D669745223952E6002917C3 /* PBXTargetDependency */,
			);
			name = RobotDrawingTests;
			productName = RobotDrawingTests;
			productReference = 1D669743223952E6002917C3 /* RobotDrawingTests.xctest */;
			productType = "com.apple.product-type.bundle.unit-test";
		};
		1D66974D223952E6002917C3 /* RobotDrawingUITests */ = {
			isa = PBXNativeTarget;
			buildConfigurationList = 1D66975D223952E6002917C3 /* Build configuration list for PBXNativeTarget "RobotDrawingUITests" */;
			buildPhases = (
				1D66974A223952E6002917C3 /* Sources */,
				1D66974B223952E6002917C3 /* Frameworks */,
				1D66974C223952E6002917C3 /* Resources */,
			);
			buildRules = (
			);
			dependencies = (
				1D669750223952E6002917C3 /* PBXTargetDependency */,
			);
			name = RobotDrawingUITests;
			productName = RobotDrawingUITests;
			productReference = 1D66974E223952E6002917C3 /* RobotDrawingUITests.xctest */;
			productType = "com.apple.product-type.bundle.ui-testing";
		};
/* End PBXNativeTarget section */

/* Begin PBXProject section */
		1D669720223952E3002917C3 /* Project object */ = {
			isa = PBXProject;
			attributes = {
				LastUpgradeCheck = 1010;
				ORGANIZATIONNAME = "GoEum Cha";
				TargetAttributes = {
					1D669727223952E3002917C3 = {
						CreatedOnToolsVersion = 10.1;
					};
					1D669742223952E6002917C3 = {
						CreatedOnToolsVersion = 10.1;
						TestTargetID = 1D669727223952E3002917C3;
					};
					1D66974D223952E6002917C3 = {
						CreatedOnToolsVersion = 10.1;
						TestTargetID = 1D669727223952E3002917C3;
					};
				};
			};
			buildConfigurationList = 1D669723223952E3002917C3 /* Build configuration list for PBXProject "RobotDrawing" */;
			compatibilityVersion = "Xcode 9.3";
			developmentRegion = en;
			hasScannedForEncodings = 0;
			knownRegions = (
				en,
				Base,
			);
			mainGroup = 1D66971F223952E3002917C3;
			productRefGroup = 1D669729223952E3002917C3 /* Products */;
			projectDirPath = "";
			projectRoot = "";
			targets = (
				1D669727223952E3002917C3 /* RobotDrawing */,
				1D669742223952E6002917C3 /* RobotDrawingTests */,
				1D66974D223952E6002917C3 /* RobotDrawingUITests */,
			);
		};
/* End PBXProject section */

/* Begin PBXResourcesBuildPhase section */
		1D669726223952E3002917C3 /* Resources */ = {
			isa = PBXResourcesBuildPhase;
			buildActionMask = 2147483647;
			files = (
				1D66973B223952E6002917C3 /* LaunchScreen.storyboard in Resources */,
				1D669738223952E6002917C3 /* Assets.xcassets in Resources */,
				1D669733223952E3002917C3 /* Main.storyboard in Resources */,
			);
			runOnlyForDeploymentPostprocessing = 0;
		};
		1D669741223952E6002917C3 /* Resources */ = {
			isa = PBXResourcesBuildPhase;
			buildActionMask = 2147483647;
			files = (
			);
			runOnlyForDeploymentPostprocessing = 0;
		};
		1D66974C223952E6002917C3 /* Resources */ = {
			isa = PBXResourcesBuildPhase;
			buildActionMask = 2147483647;
			files = (
			);
			runOnlyForDeploymentPostprocessing = 0;
		};
/* End PBXResourcesBuildPhase section */

/* Begin PBXSourcesBuildPhase section */
		1D669724223952E3002917C3 /* Sources */ = {
			isa = PBXSourcesBuildPhase;
			buildActionMask = 2147483647;
			files = (
				1D669730223952E3002917C3 /* ViewController.m in Sources */,
				1D66976222395308002917C3 /* WritingArea.m in Sources */,
				1D66972D223952E3002917C3 /* AppDelegate.m in Sources */,
				1D66973E223952E6002917C3 /* main.m in Sources */,
				1D669736223952E3002917C3 /* RobotDrawing.xcdatamodeld in Sources */,
			);
			runOnlyForDeploymentPostprocessing = 0;
		};
		1D66973F223952E6002917C3 /* Sources */ = {
			isa = PBXSourcesBuildPhase;
			buildActionMask = 2147483647;
			files = (
				1D669748223952E6002917C3 /* RobotDrawingTests.m in Sources */,
			);
			runOnlyForDeploymentPostprocessing = 0;
		};
		1D66974A223952E6002917C3 /* Sources */ = {
			isa = PBXSourcesBuildPhase;
			buildActionMask = 2147483647;
			files = (
				1D669753223952E6002917C3 /* RobotDrawingUITests.m in Sources */,
			);
			runOnlyForDeploymentPostprocessing = 0;
		};
/* End PBXSourcesBuildPhase section */

/* Begin PBXTargetDependency section */
		1D669745223952E6002917C3 /* PBXTargetDependency */ = {
			isa = PBXTargetDependency;
			target = 1D669727223952E3002917C3 /* RobotDrawing */;
			targetProxy = 1D669744223952E6002917C3 /* PBXContainerItemProxy */;
		};
		1D669750223952E6002917C3 /* PBXTargetDependency */ = {
			isa = PBXTargetDependency;
			target = 1D669727223952E3002917C3 /* RobotDrawing */;
			targetProxy = 1D66974F223952E6002917C3 /* PBXContainerItemProxy */;
		};
/* End PBXTargetDependency section */

/* Begin PBXVariantGroup section */
		1D669731223952E3002917C3 /* Main.storyboard */ = {
			isa = PBXVariantGroup;
			children = (
				1D669732223952E3002917C3 /* Base */,
			);
			name = Main.storyboard;
			sourceTree = "<group>";
		};
		1D669739223952E6002917C3 /* LaunchScreen.storyboard */ = {
			isa = PBXVariantGroup;
			children = (
				1D66973A223952E6002917C3 /* Base */,
			);
			name = LaunchScreen.storyboard;
			sourceTree = "<group>";
		};
/* End PBXVariantGroup section */

/* Begin XCBuildConfiguration section */
		1D669755223952E6002917C3 /* Debug */ = {
			isa = XCBuildConfiguration;
			buildSettings = {
				ALWAYS_SEARCH_USER_PATHS = NO;
				CLANG_ANALYZER_NONNULL = YES;
				CLANG_ANALYZER_NUMBER_OBJECT_CONVERSION = YES_AGGRESSIVE;
				CLANG_CXX_LANGUAGE_STANDARD = "gnu++14";
				CLANG_CXX_LIBRARY = "libc++";
				CLANG_ENABLE_MODULES = YES;
				CLANG_ENABLE_OBJC_ARC = YES;
				CLANG_ENABLE_OBJC_WEAK = YES;
				CLANG_WARN_BLOCK_CAPTURE_AUTORELEASING = YES;
				CLANG_WARN_BOOL_CONVERSION = YES;
				CLANG_WARN_COMMA = YES;
				CLANG_WARN_CONSTANT_CONVERSION = YES;
				CLANG_WARN_DEPRECATED_OBJC_IMPLEMENTATIONS = YES;
				CLANG_WARN_DIRECT_OBJC_ISA_USAGE = YES_ERROR;
				CLANG_WARN_DOCUMENTATION_COMMENTS = YES;
				CLANG_WARN_EMPTY_BODY = YES;
				CLANG_WARN_ENUM_CONVERSION = YES;
				CLANG_WARN_INFINITE_RECURSION = YES;
				CLANG_WARN_INT_CONVERSION = YES;
				CLANG_WARN_NON_LITERAL_NULL_CONVERSION = YES;
				CLANG_WARN_OBJC_IMPLICIT_RETAIN_SELF = YES;
				CLANG_WARN_OBJC_LITERAL_CONVERSION = YES;
				CLANG_WARN_OBJC_ROOT_CLASS = YES_ERROR;
				CLANG_WARN_RANGE_LOOP_ANALYSIS = YES;
				CLANG_WARN_STRICT_PROTOTYPES = YES;
				CLANG_WARN_SUSPICIOUS_MOVE = YES;
				CLANG_WARN_UNGUARDED_AVAILABILITY = YES_AGGRESSIVE;
				CLANG_WARN_UNREACHABLE_CODE = YES;
				CLANG_WARN__DUPLICATE_METHOD_MATCH = YES;
				CODE_SIGN_IDENTITY = "iPhone Developer";
				COPY_PHASE_STRIP = NO;
				DEBUG_INFORMATION_FORMAT = dwarf;
				ENABLE_STRICT_OBJC_MSGSEND = YES;
				ENABLE_TESTABILITY = YES;
				GCC_C_LANGUAGE_STANDARD = gnu11;
				GCC_DYNAMIC_NO_PIC = NO;
				GCC_NO_COMMON_BLOCKS = YES;
				GCC_OPTIMIZATION_LEVEL = 0;
				GCC_PREPROCESSOR_DEFINITIONS = (
					"DEBUG=1",
					"$(inherited)",
				);
				GCC_WARN_64_TO_32_BIT_CONVERSION = YES;
				GCC_WARN_ABOUT_RETURN_TYPE = YES_ERROR;
				GCC_WARN_UNDECLARED_SELECTOR = YES;
				GCC_WARN_UNINITIALIZED_AUTOS = YES_AGGRESSIVE;
				GCC_WARN_UNUSED_FUNCTION = YES;
				GCC_WARN_UNUSED_VARIABLE = YES;
				IPHONEOS_DEPLOYMENT_TARGET = 12.1;
				MTL_ENABLE_DEBUG_INFO = INCLUDE_SOURCE;
				MTL_FAST_MATH = YES;
				ONLY_ACTIVE_ARCH = YES;
				SDKROOT = iphoneos;
			};
			name = Debug;
		};
		1D669756223952E6002917C3 /* Release */ = {
			isa = XCBuildConfiguration;
			buildSettings = {
				ALWAYS_SEARCH_USER_PATHS = NO;
				CLANG_ANALYZER_NONNULL = YES;
				CLANG_ANALYZER_NUMBER_OBJECT_CONVERSION = YES_AGGRESSIVE;
				CLANG_CXX_LANGUAGE_STANDARD = "gnu++14";
				CLANG_CXX_LIBRARY = "libc++";
				CLANG_ENABLE_MODULES = YES;
				CLANG_ENABLE_OBJC_ARC = YES;
				CLANG_ENABLE_OBJC_WEAK = YES;
				CLANG_WARN_BLOCK_CAPTURE_AUTORELEASING = YES;
				CLANG_WARN_BOOL_CONVERSION = YES;
				CLANG_WARN_COMMA = YES;
				CLANG_WARN_CONSTANT_CONVERSION = YES;
				CLANG_WARN_DEPRECATED_OBJC_IMPLEMENTATIONS = YES;
				CLANG_WARN_DIRECT_OBJC_ISA_USAGE = YES_ERROR;
				CLANG_WARN_DOCUMENTATION_COMMENTS = YES;
				CLANG_WARN_EMPTY_BODY = YES;
				CLANG_WARN_ENUM_CONVERSION = YES;
				CLANG_WARN_INFINITE_RECURSION = YES;
				CLANG_WARN_INT_CONVERSION = YES;
				CLANG_WARN_NON_LITERAL_NULL_CONVERSION = YES;
				CLANG_WARN_OBJC_IMPLICIT_RETAIN_SELF = YES;
				CLANG_WARN_OBJC_LITERAL_CONVERSION = YES;
				CLANG_WARN_OBJC_ROOT_CLASS = YES_ERROR;
				CLANG_WARN_RANGE_LOOP_ANALYSIS = YES;
				CLANG_WARN_STRICT_PROTOTYPES = YES;
				CLANG_WARN_SUSPICIOUS_MOVE = YES;
				CLANG_WARN_UNGUARDED_AVAILABILITY = YES_AGGRESSIVE;
				CLANG_WARN_UNREACHABLE_CODE = YES;
				CLANG_WARN__DUPLICATE_METHOD_MATCH = YES;
				CODE_SIGN_IDENTITY = "iPhone Developer";
				COPY_PHASE_STRIP = NO;
				DEBUG_INFORMATION_FORMAT = "dwarf-with-dsym";
				ENABLE_NS_ASSERTIONS = NO;
				ENABLE_STRICT_OBJC_MSGSEND = YES;
				GCC_C_LANGUAGE_STANDARD = gnu11;
				GCC_NO_COMMON_BLOCKS = YES;
				GCC_WARN_64_TO_32_BIT_CONVERSION = YES;
				GCC_WARN_ABOUT_RETURN_TYPE = YES_ERROR;
				GCC_WARN_UNDECLARED_SELECTOR = YES;
				GCC_WARN_UNINITIALIZED_AUTOS = YES_AGGRESSIVE;
				GCC_WARN_UNUSED_FUNCTION = YES;
				GCC_WARN_UNUSED_VARIABLE = YES;
				IPHONEOS_DEPLOYMENT_TARGET = 12.1;
				MTL_ENABLE_DEBUG_INFO = NO;
				MTL_FAST_MATH = YES;
				SDKROOT = iphoneos;
				VALIDATE_PRODUCT = YES;
			};
			name = Release;
		};
		1D669758223952E6002917C3 /* Debug */ = {
			isa = XCBuildConfiguration;
			buildSettings = {
				ASSETCATALOG_COMPILER_APPICON_NAME = AppIcon;
				CODE_SIGN_STYLE = Automatic;
				DEVELOPMENT_TEAM = MF763V3Z8J;
				INFOPLIST_FILE = RobotDrawing/Info.plist;
				LD_RUNPATH_SEARCH_PATHS = (
					"$(inherited)",
					"@executable_path/Frameworks",
				);
				PRODUCT_BUNDLE_IDENTIFIER = com.goeum.RobotDrawing;
				PRODUCT_NAME = "$(TARGET_NAME)";
				TARGETED_DEVICE_FAMILY = 2;
			};
			name = Debug;
		};
		1D669759223952E6002917C3 /* Release */ = {
			isa = XCBuildConfiguration;
			buildSettings = {
				ASSETCATALOG_COMPILER_APPICON_NAME = AppIcon;
				CODE_SIGN_STYLE = Automatic;
				DEVELOPMENT_TEAM = MF763V3Z8J;
				INFOPLIST_FILE = RobotDrawing/Info.plist;
				LD_RUNPATH_SEARCH_PATHS = (
					"$(inherited)",
					"@executable_path/Frameworks",
				);
				PRODUCT_BUNDLE_IDENTIFIER = com.goeum.RobotDrawing;
				PRODUCT_NAME = "$(TARGET_NAME)";
				TARGETED_DEVICE_FAMILY = 2;
			};
			name = Release;
		};
		1D66975B223952E6002917C3 /* Debug */ = {
			isa = XCBuildConfiguration;
			buildSettings = {
				BUNDLE_LOADER = "$(TEST_HOST)";
				CODE_SIGN_STYLE = Automatic;
				DEVELOPMENT_TEAM = MF763V3Z8J;
				INFOPLIST_FILE = RobotDrawingTests/Info.plist;
				LD_RUNPATH_SEARCH_PATHS = (
					"$(inherited)",
					"@executable_path/Frameworks",
					"@loader_path/Frameworks",
				);
				PRODUCT_BUNDLE_IDENTIFIER = com.goeum.RobotDrawingTests;
				PRODUCT_NAME = "$(TARGET_NAME)";
				TARGETED_DEVICE_FAMILY = "1,2";
				TEST_HOST = "$(BUILT_PRODUCTS_DIR)/RobotDrawing.app/RobotDrawing";
			};
			name = Debug;
		};
		1D66975C223952E6002917C3 /* Release */ = {
			isa = XCBuildConfiguration;
			buildSettings = {
				BUNDLE_LOADER = "$(TEST_HOST)";
				CODE_SIGN_STYLE = Automatic;
				DEVELOPMENT_TEAM = MF763V3Z8J;
				INFOPLIST_FILE = RobotDrawingTests/Info.plist;
				LD_RUNPATH_SEARCH_PATHS = (
					"$(inherited)",
					"@executable_path/Frameworks",
					"@loader_path/Frameworks",
				);
				PRODUCT_BUNDLE_IDENTIFIER = com.goeum.RobotDrawingTests;
				PRODUCT_NAME = "$(TARGET_NAME)";
				TARGETED_DEVICE_FAMILY = "1,2";
				TEST_HOST = "$(BUILT_PRODUCTS_DIR)/RobotDrawing.app/RobotDrawing";
			};
			name = Release;
		};
		1D66975E223952E6002917C3 /* Debug */ = {
			isa = XCBuildConfiguration;
			buildSettings = {
				CODE_SIGN_STYLE = Automatic;
				DEVELOPMENT_TEAM = MF763V3Z8J;
				INFOPLIST_FILE = RobotDrawingUITests/Info.plist;
				LD_RUNPATH_SEARCH_PATHS = (
					"$(inherited)",
					"@executable_path/Frameworks",
					"@loader_path/Frameworks",
				);
				PRODUCT_BUNDLE_IDENTIFIER = com.goeum.RobotDrawingUITests;
				PRODUCT_NAME = "$(TARGET_NAME)";
				TARGETED_DEVICE_FAMILY = "1,2";
				TEST_TARGET_NAME = RobotDrawing;
			};
			name = Debug;
		};
		1D66975F223952E6002917C3 /* Release */ = {
			isa = XCBuildConfiguration;
			buildSettings = {
				CODE_SIGN_STYLE = Automatic;
				DEVELOPMENT_TEAM = MF763V3Z8J;
				INFOPLIST_FILE = RobotDrawingUITests/Info.plist;
				LD_RUNPATH_SEARCH_PATHS = (
					"$(inherited)",
					"@executable_path/Frameworks",
					"@loader_path/Frameworks",
				);
				PRODUCT_BUNDLE_IDENTIFIER = com.goeum.RobotDrawingUITests;
				PRODUCT_NAME = "$(TARGET_NAME)";
				TARGETED_DEVICE_FAMILY = "1,2";
				TEST_TARGET_NAME = RobotDrawing;
			};
			name = Release;
		};
/* End XCBuildConfiguration section */

/* Begin XCConfigurationList section */
		1D669723223952E3002917C3 /* Build configuration list for PBXProject "RobotDrawing" */ = {
			isa = XCConfigurationList;
			buildConfigurations = (
				1D669755223952E6002917C3 /* Debug */,
				1D669756223952E6002917C3 /* Release */,
			);
			defaultConfigurationIsVisible = 0;
			defaultConfigurationName = Release;
		};
		1D669757223952E6002917C3 /* Build configuration list for PBXNativeTarget "RobotDrawing" */ = {
			isa = XCConfigurationList;
			buildConfigurations = (
				1D669758223952E6002917C3 /* Debug */,
				1D669759223952E6002917C3 /* Release */,
			);
			defaultConfigurationIsVisible = 0;
			defaultConfigurationName = Release;
		};
		1D66975A223952E6002917C3 /* Build configuration list for PBXNativeTarget "RobotDrawingTests" */ = {
			isa = XCConfigurationList;
			buildConfigurations = (
				1D66975B223952E6002917C3 /* Debug */,
				1D66975C223952E6002917C3 /* Release */,
			);
			defaultConfigurationIsVisible = 0;
			defaultConfigurationName = Release;
		};
		1D66975D223952E6002917C3 /* Build configuration list for PBXNativeTarget "RobotDrawingUITests" */ = {
			isa = XCConfigurationList;
			buildConfigurations = (
				1D66975E223952E6002917C3 /* Debug */,
				1D66975F223952E6002917C3 /* Release */,
			);
			defaultConfigurationIsVisible = 0;
			defaultConfigurationName = Release;
		};
/* End XCConfigurationList section */

/* Begin XCVersionGroup section */
		1D669734223952E3002917C3 /* RobotDrawing.xcdatamodeld */ = {
			isa = XCVersionGroup;
			children = (
				1D669735223952E3002917C3 /* RobotDrawing.xcdatamodel */,
			);
			currentVersion = 1D669735223952E3002917C3 /* RobotDrawing.xcdatamodel */;
			path = RobotDrawing.xcdatamodeld;
			sourceTree = "<group>";
			versionGroupType = wrapper.xcdatamodel;
		};
/* End XCVersionGroup section */
	};
	rootObject = 1D669720223952E3002917C3 /* Project object */;
}
